
Microsoft Visual Studio Solution File, Format Version 12.00
# Visual Studio Version 16
VisualStudioVersion = 16.0.29806.167
MinimumVisualStudioVersion = 10.0.40219.1
Project("{9A19103F-16F7-4668-BE54-9A1E7A4F7556}") = "ApiComparisons.Grpc", "ApiComparisons.Grpc\ApiComparisons.Grpc.csproj", "{AE84932D-2DDC-4C5D-B1D3-9042BD61EACB}"
EndProject
Project("{9A19103F-16F7-4668-BE54-9A1E7A4F7556}") = "ApiComparisons.GraphQL", "ApiComparisons.GraphQL\ApiComparisons.GraphQL.csproj", "{A11AF9A8-DA41-40BB-9D9C-7E4BC121B6E5}"
EndProject
Project("{9A19103F-16F7-4668-BE54-9A1E7A4F7556}") = "ApiComparisons.Shared", "ApiComparisons.Shared\ApiComparisons.Shared.csproj", "{EACDAD1A-D0F5-4BA5-874B-8F445126E491}"
EndProject
Project("{9A19103F-16F7-4668-BE54-9A1E7A4F7556}") = "ApiComparisons.Grpc.Client", "ApiComparisons.Grpc.Client\ApiComparisons.Grpc.Client.csproj", "{63061D8A-C6D9-474F-A0A5-F50563515E92}"
EndProject
Project("{FAE04EC0-301F-11D3-BF4B-00C04F79EFBC}") = "ApiComparisons.Shared.StarWars", "ApiComparisons.Shared.StarWars\ApiComparisons.Shared.StarWars.csproj", "{13AFED87-8BBB-4538-82E7-9F6276B8EAE2}"
EndProject
Global
	GlobalSection(SolutionConfigurationPlatforms) = preSolution
		Debug|Any CPU = Debug|Any CPU
		Release|Any CPU = Release|Any CPU
	EndGlobalSection
	GlobalSection(ProjectConfigurationPlatforms) = postSolution
		{AE84932D-2DDC-4C5D-B1D3-9042BD61EACB}.Debug|Any CPU.ActiveCfg = Debug|Any CPU
		{AE84932D-2DDC-4C5D-B1D3-9042BD61EACB}.Debug|Any CPU.Build.0 = Debug|Any CPU
		{AE84932D-2DDC-4C5D-B1D3-9042BD61EACB}.Release|Any CPU.ActiveCfg = Release|Any CPU
		{AE84932D-2DDC-4C5D-B1D3-9042BD61EACB}.Release|Any CPU.Build.0 = Release|Any CPU
		{A11AF9A8-DA41-40BB-9D9C-7E4BC121B6E5}.Debug|Any CPU.ActiveCfg = Debug|Any CPU
		{A11AF9A8-DA41-40BB-9D9C-7E4BC121B6E5}.Debug|Any CPU.Build.0 = Debug|Any CPU
		{A11AF9A8-DA41-40BB-9D9C-7E4BC121B6E5}.Release|Any CPU.ActiveCfg = Release|Any CPU
		{A11AF9A8-DA41-40BB-9D9C-7E4BC121B6E5}.Release|Any CPU.Build.0 = Release|Any CPU
		{EACDAD1A-D0F5-4BA5-874B-8F445126E491}.Debug|Any CPU.ActiveCfg = Debug|Any CPU
		{EACDAD1A-D0F5-4BA5-874B-8F445126E491}.Debug|Any CPU.Build.0 = Debug|Any CPU
		{EACDAD1A-D0F5-4BA5-874B-8F445126E491}.Release|Any CPU.ActiveCfg = Release|Any CPU
		{EACDAD1A-D0F5-4BA5-874B-8F445126E491}.Release|Any CPU.Build.0 = Release|Any CPU
		{63061D8A-C6D9-474F-A0A5-F50563515E92}.Debug|Any CPU.ActiveCfg = Debug|Any CPU
		{63061D8A-C6D9-474F-A0A5-F50563515E92}.Debug|Any CPU.Build.0 = Debug|Any CPU
		{63061D8A-C6D9-474F-A0A5-F50563515E92}.Release|Any CPU.ActiveCfg = Release|Any CPU
		{63061D8A-C6D9-474F-A0A5-F50563515E92}.Release|Any CPU.Build.0 = Release|Any CPU
		{13AFED87-8BBB-4538-82E7-9F6276B8EAE2}.Debug|Any CPU.ActiveCfg = Debug|Any CPU
		{13AFED87-8BBB-4538-82E7-9F6276B8EAE2}.Debug|Any CPU.Build.0 = Debug|Any CPU
		{13AFED87-8BBB-4538-82E7-9F6276B8EAE2}.Release|Any CPU.ActiveCfg = Release|Any CPU
		{13AFED87-8BBB-4538-82E7-9F6276B8EAE2}.Release|Any CPU.Build.0 = Release|Any CPU
	EndGlobalSection
	GlobalSection(SolutionProperties) = preSolution
		HideSolutionNode = FALSE
	EndGlobalSection
	GlobalSection(ExtensibilityGlobals) = postSolution
		SolutionGuid = {08FEB577-E045-4621-B54A-0C6F17059DD9}
	EndGlobalSection
EndGlobal
